# THIS IS AN AUTOGENERATED FILE. DO NOT EDIT THIS FILE DIRECTLY.
# yarn lockfile v1


"agora-access-token@^2.0.1":
  "integrity" "sha512-ZWyvUG5BoX0lGBjQUZbnixdiudlJG+5Oxht/UCgQmnBzNEq0TrHoIpV7Nlwy/vKAgl8mHmVGwtBC4Jm7l6t4nA=="
  "resolved" "https://registry.npmjs.org/agora-access-token/-/agora-access-token-2.0.1.tgz"
  "version" "2.0.1"
  dependencies:
    "crc-32" "1.2.0"
    "cuint" "0.2.2"

"batch@0.5.0":
  "integrity" "sha1-/S4Fp6XWlrTbkxQBPihdj/NVfsM="
  "resolved" "https://registry.npmjs.org/batch/-/batch-0.5.0.tgz"
  "version" "0.5.0"

"buffer-crc32@0.2.1":
  "integrity" "sha1-vj5TgvwCttYySVasGvmKqYsIU0w="
  "resolved" "https://registry.npmjs.org/buffer-crc32/-/buffer-crc32-0.2.1.tgz"
  "version" "0.2.1"

"bytes@0.2.1":
  "integrity" "sha1-VVsIq8sGP4l1kFMCUj5M1P/f3zE="
  "resolved" "https://registry.npmjs.org/bytes/-/bytes-0.2.1.tgz"
  "version" "0.2.1"

"commander@1.3.2":
  "integrity" "sha1-io8w7GcKb91kr1LxkUuQfXnq1bU="
  "resolved" "https://registry.npmjs.org/commander/-/commander-1.3.2.tgz"
  "version" "1.3.2"
  dependencies:
    "keypress" "0.1.0"

"connect@2.12.0":
  "integrity" "sha1-Mdj6DcrN8ZCNgivSkjvootKn7Zo="
  "resolved" "https://registry.npmjs.org/connect/-/connect-2.12.0.tgz"
  "version" "2.12.0"
  dependencies:
    "batch" "0.5.0"
    "buffer-crc32" "0.2.1"
    "bytes" "0.2.1"
    "cookie" "0.1.0"
    "cookie-signature" "1.0.1"
    "debug" "0.8.1"
    "fresh" "0.2.0"
    "methods" "0.1.0"
    "multiparty" "2.2.0"
    "negotiator" "0.3.0"
    "pause" "0.0.1"
    "qs" "0.6.6"
    "raw-body" "1.1.2"
    "send" "0.1.4"
    "uid2" "0.0.3"

"cookie-signature@1.0.1":
  "integrity" "sha1-ROByFIrwHm6OJK+/EmkNaK5pjss="
  "resolved" "https://registry.npmjs.org/cookie-signature/-/cookie-signature-1.0.1.tgz"
  "version" "1.0.1"

"cookie@0.1.0":
  "integrity" "sha1-kOtGndzpBchm3mh+/EMTHYgB+dA="
  "resolved" "https://registry.npmjs.org/cookie/-/cookie-0.1.0.tgz"
  "version" "0.1.0"

"core-util-is@1.0.2":
  "integrity" "sha1-tf1UIgqivFq1eqtxQMlAdUUDwac="
  "resolved" "https://registry.npmjs.org/core-util-is/-/core-util-is-1.0.2.tgz"
  "version" "1.0.2"

"crc-32@1.2.0":
  "integrity" "sha512-1uBwHxF+Y/4yF5G48fwnKq6QsIXheor3ZLPT80yGBV1oEUwpPojlEhQbWKVw1VwcTQyMGHK1/XMmTjmlsmTTGA=="
  "resolved" "https://registry.npmjs.org/crc-32/-/crc-32-1.2.0.tgz"
  "version" "1.2.0"
  dependencies:
    "exit-on-epipe" "1.0.1"
    "printj" "1.1.2"

"cuint@0.2.2":
  "integrity" "sha1-QICG1AlVDCYxFVYZ6fp7ytw7mRs="
  "resolved" "https://registry.npmjs.org/cuint/-/cuint-0.2.2.tgz"
  "version" "0.2.2"

"debug@0.8.1":
  "integrity" "sha1-IP9NJvXkIstoobrLu2EDmtjBwTA="
  "resolved" "https://registry.npmjs.org/debug/-/debug-0.8.1.tgz"
  "version" "0.8.1"

"exit-on-epipe@1.0.1":
  "integrity" "sha512-h2z5mrROTxce56S+pnvAV890uu7ls7f1kEvVGJbw1OlFH3/mlJ5bkXu0KRyW94v37zzHPiUd55iLn3DA7TjWpw=="
  "resolved" "https://registry.npmjs.org/exit-on-epipe/-/exit-on-epipe-1.0.1.tgz"
  "version" "1.0.1"

"express@3.4.8":
  "integrity" "sha1-qnqJht4HBTM39Lxe2aZFPZzI4uE="
  "resolved" "https://registry.npmjs.org/express/-/express-3.4.8.tgz"
  "version" "3.4.8"
  dependencies:
    "buffer-crc32" "0.2.1"
    "commander" "1.3.2"
    "connect" "2.12.0"
    "cookie" "0.1.0"
    "cookie-signature" "1.0.1"
    "debug" "0.8.1"
    "fresh" "0.2.0"
    "merge-descriptors" "0.0.1"
    "methods" "0.1.0"
    "mkdirp" "0.3.5"
    "range-parser" "0.0.4"
    "send" "0.1.4"

"fresh@0.2.0":
  "integrity" "sha1-v9lALPPfEsSkwxDHn5mj3eE9NKc="
  "resolved" "https://registry.npmjs.org/fresh/-/fresh-0.2.0.tgz"
  "version" "0.2.0"

"inherits@2.0.4":
  "integrity" "sha512-k/vGaX4/Yla3WzyMCvTQOXYeIHvqOKtnqBduzTHpzpQZzAskKMhZ2K+EnBiSM9zGSoIFeMpXKxa4dYeZIQqewQ=="
  "resolved" "https://registry.npmjs.org/inherits/-/inherits-2.0.4.tgz"
  "version" "2.0.4"

"isarray@0.0.1":
  "integrity" "sha1-ihis/Kmo9Bd+Cav8YDiTmwXR7t8="
  "resolved" "https://registry.npmjs.org/isarray/-/isarray-0.0.1.tgz"
  "version" "0.0.1"

"keypress@0.1.0":
  "integrity" "sha1-SjGI1CkbZrT2XtuZ+AaqmuKTWSo="
  "resolved" "https://registry.npmjs.org/keypress/-/keypress-0.1.0.tgz"
  "version" "0.1.0"

"merge-descriptors@0.0.1":
  "integrity" "sha1-L/CYDJJM+B0LXR+2ARd8uLtWwNA="
  "resolved" "https://registry.npmjs.org/merge-descriptors/-/merge-descriptors-0.0.1.tgz"
  "version" "0.0.1"

"methods@0.1.0":
  "integrity" "sha1-M11Cnu/SG3us8unJIqjSvRSjDk8="
  "resolved" "https://registry.npmjs.org/methods/-/methods-0.1.0.tgz"
  "version" "0.1.0"

"mime@1.2.11":
  "integrity" "sha1-WCA+7Ybjpe8XrtK32evUfwpg3RA="
  "resolved" "https://registry.npmjs.org/mime/-/mime-1.2.11.tgz"
  "version" "1.2.11"

"mkdirp@0.3.5":
  "integrity" "sha1-3j5fiWHIjHh+4TaN+EmsRBPsqNc="
  "resolved" "https://registry.npmjs.org/mkdirp/-/mkdirp-0.3.5.tgz"
  "version" "0.3.5"

"multiparty@2.2.0":
  "integrity" "sha1-pWfCrwAK0i3I8qZT2Rl4rh9TFvQ="
  "resolved" "https://registry.npmjs.org/multiparty/-/multiparty-2.2.0.tgz"
  "version" "2.2.0"
  dependencies:
    "readable-stream" "1.1.14"
    "stream-counter" "0.2.0"

"negotiator@0.3.0":
  "integrity" "sha1-cG1pLv7d9XTVfqn7GriaT6fuj2A="
  "resolved" "https://registry.npmjs.org/negotiator/-/negotiator-0.3.0.tgz"
  "version" "0.3.0"

"pause@0.0.1":
  "integrity" "sha1-HUCLP9t2kjuVQ9lvtMnf1TXZy10="
  "resolved" "https://registry.npmjs.org/pause/-/pause-0.0.1.tgz"
  "version" "0.0.1"

"printj@1.1.2":
  "integrity" "sha512-zA2SmoLaxZyArQTOPj5LXecR+RagfPSU5Kw1qP+jkWeNlrq+eJZyY2oS68SU1Z/7/myXM4lo9716laOFAVStCQ=="
  "resolved" "https://registry.npmjs.org/printj/-/printj-1.1.2.tgz"
  "version" "1.1.2"

"qs@0.6.6":
  "integrity" "sha1-bgFQmP9RlouKPIGQAdXyyJvEsQc="
  "resolved" "https://registry.npmjs.org/qs/-/qs-0.6.6.tgz"
  "version" "0.6.6"

"range-parser@0.0.4":
  "integrity" "sha1-wEJ//vUcEKy6B4KkbJYC50T/Ygs="
  "resolved" "https://registry.npmjs.org/range-parser/-/range-parser-0.0.4.tgz"
  "version" "0.0.4"

"raw-body@1.1.2":
  "integrity" "sha1-x0swBN6l3v0WlhcRBqx0DsMdYr4="
  "resolved" "https://registry.npmjs.org/raw-body/-/raw-body-1.1.2.tgz"
  "version" "1.1.2"
  dependencies:
    "bytes" "0.2.1"

"readable-stream@1.1.14":
  "integrity" "sha1-fPTFTvZI44EwhMY23SB54WbAgdk="
  "resolved" "https://registry.npmjs.org/readable-stream/-/readable-stream-1.1.14.tgz"
  "version" "1.1.14"
  dependencies:
    "core-util-is" "1.0.2"
    "inherits" "2.0.4"
    "isarray" "0.0.1"
    "string_decoder" "0.10.31"

"send@0.1.4":
  "integrity" "sha1-vnDY0b4B3mGCGvE3gLUDRaT3Gr0="
  "resolved" "https://registry.npmjs.org/send/-/send-0.1.4.tgz"
  "version" "0.1.4"
  dependencies:
    "debug" "0.8.1"
    "fresh" "0.2.0"
    "mime" "1.2.11"
    "range-parser" "0.0.4"

"stream-counter@0.2.0":
  "integrity" "sha1-3tJmVWMZyLDiIoErnPOyb6fZR94="
  "resolved" "https://registry.npmjs.org/stream-counter/-/stream-counter-0.2.0.tgz"
  "version" "0.2.0"
  dependencies:
    "readable-stream" "1.1.14"

"string_decoder@0.10.31":
  "integrity" "sha1-YuIDvEF2bGwoyfyEMB2rHFMQ+pQ="
  "resolved" "https://registry.npmjs.org/string_decoder/-/string_decoder-0.10.31.tgz"
  "version" "0.10.31"

"uid2@0.0.3":
  "integrity" "sha1-SDEm4Rd03y9xuLY53NeZw3YWK4I="
  "resolved" "https://registry.npmjs.org/uid2/-/uid2-0.0.3.tgz"
  "version" "0.0.3"
